// !$*UTF8*$!
{
	archiveVersion = 1;
	classes = {
	};
	objectVersion = 50;
	objects = {

/* Begin PBXBuildFile section */
		400E206C225454E9009D08DB /* AppDelegate.m in Sources */ = {isa = PBXBuildFile; fileRef = 400E206B225454E9009D08DB /* AppDelegate.m */; };
		400E206F225454E9009D08DB /* ViewController.m in Sources */ = {isa = PBXBuildFile; fileRef = 400E206E225454E9009D08DB /* ViewController.m */; };
		400E2072225454E9009D08DB /* Main.storyboard in Resources */ = {isa = PBXBuildFile; fileRef = 400E2070225454E9009D08DB /* Main.storyboard */; };
		400E2075225454E9009D08DB /* test.xcdatamodeld in Sources */ = {isa = PBXBuildFile; fileRef = 400E2073225454E9009D08DB /* test.xcdatamodeld */; };
		400E2077225454EA009D08DB /* Assets.xcassets in Resources */ = {isa = PBXBuildFile; fileRef = 400E2076225454EA009D08DB /* Assets.xcassets */; };
		400E207A225454EA009D08DB /* LaunchScreen.storyboard in Resources */ = {isa = PBXBuildFile; fileRef = 400E2078225454EA009D08DB /* LaunchScreen.storyboard */; };
		400E207D225454EA009D08DB /* main.m in Sources */ = {isa = PBXBuildFile; fileRef = 400E207C225454EA009D08DB /* main.m */; };
		400E2087225454EB009D08DB /* testTests.m in Sources */ = {isa = PBXBuildFile; fileRef = 400E2086225454EB009D08DB /* testTests.m */; };
		400E2092225454EB009D08DB /* testUITests.m in Sources */ = {isa = PBXBuildFile; fileRef = 400E2091225454EB009D08DB /* testUITests.m */; };
/* End PBXBuildFile section */

/* Begin PBXContainerItemProxy section */
		400E2083225454EB009D08DB /* PBXContainerItemProxy */ = {
			isa = PBXContainerItemProxy;
			containerPortal = 400E205F225454E9009D08DB /* Project object */;
			proxyType = 1;
			remoteGlobalIDString = 400E2066225454E9009D08DB;
			remoteInfo = test;
		};
		400E208E225454EB009D08DB /* PBXContainerItemProxy */ = {
			isa = PBXContainerItemProxy;
			containerPortal = 400E205F225454E9009D08DB /* Project object */;
			proxyType = 1;
			remoteGlobalIDString = 400E2066225454E9009D08DB;
			remoteInfo = test;
		};
/* End PBXContainerItemProxy section */

/* Begin PBXFileReference section */
		400E2067225454E9009D08DB /* test.app */ = {isa = PBXFileReference; explicitFileType = wrapper.application; includeInIndex = 0; path = test.app; sourceTree = BUILT_PRODUCTS_DIR; };
		400E206A225454E9009D08DB /* AppDelegate.h */ = {isa = PBXFileReference; lastKnownFileType = sourcecode.c.h; path = AppDelegate.h; sourceTree = "<group>"; };
		400E206B225454E9009D08DB /* AppDelegate.m */ = {isa = PBXFileReference; lastKnownFileType = sourcecode.c.objc; path = AppDelegate.m; sourceTree = "<group>"; };
		400E206D225454E9009D08DB /* ViewController.h */ = {isa = PBXFileReference; lastKnownFileType = sourcecode.c.h; path = ViewController.h; sourceTree = "<group>"; };
		400E206E225454E9009D08DB /* ViewController.m */ = {isa = PBXFileReference; lastKnownFileType = sourcecode.c.objc; path = ViewController.m; sourceTree = "<group>"; };
		400E2071225454E9009D08DB /* Base */ = {isa = PBXFileReference; lastKnownFileType = file.storyboard; name = Base; path = Base.lproj/Main.storyboard; sourceTree = "<group>"; };
		400E2074225454E9009D08DB /* test.xcdatamodel */ = {isa = PBXFileReference; lastKnownFileType = wrapper.xcdatamodel; path = test.xcdatamodel; sourceTree = "<group>"; };
		400E2076225454EA009D08DB /* Assets.xcassets */ = {isa = PBXFileReference; lastKnownFileType = folder.assetcatalog; path = Assets.xcassets; sourceTree = "<group>"; };
		400E2079225454EA009D08DB /* Base */ = {isa = PBXFileReference; lastKnownFileType = file.storyboard; name = Base; path = Base.lproj/LaunchScreen.storyboard; sourceTree = "<group>"; };
		400E207B225454EA009D08DB /* Info.plist */ = {isa = PBXFileReference; lastKnownFileType = text.plist.xml; path = Info.plist; sourceTree = "<group>"; };
		400E207C225454EA009D08DB /* main.m */ = {isa = PBXFileReference; lastKnownFileType = sourcecode.c.objc; path = main.m; sourceTree = "<group>"; };
		400E2082225454EB009D08DB /* testTests.xctest */ = {isa = PBXFileReference; explicitFileType = wrapper.cfbundle; includeInIndex = 0; path = testTests.xctest; sourceTree = BUILT_PRODUCTS_DIR; };
		400E2086225454EB009D08DB /* testTests.m */ = {isa = PBXFileReference; lastKnownFileType = sourcecode.c.objc; path = testTests.m; sourceTree = "<group>"; };
		400E2088225454EB009D08DB /* Info.plist */ = {isa = PBXFileReference; lastKnownFileType = text.plist.xml; path = Info.plist; sourceTree = "<group>"; };
		400E208D225454EB009D08DB /* testUITests.xctest */ = {isa = PBXFileReference; explicitFileType = wrapper.cfbundle; includeInIndex = 0; path = testUITests.xctest; sourceTree = BUILT_PRODUCTS_DIR; };
		400E2091225454EB009D08DB /* testUITests.m */ = {isa = PBXFileReference; lastKnownFileType = sourcecode.c.objc; path = testUITests.m; sourceTree = "<group>"; };
		400E2093225454EB009D08DB /* Info.plist */ = {isa = PBXFileReference; lastKnownFileType = text.plist.xml; path = Info.plist; sourceTree = "<group>"; };
/* End PBXFileReference section */

/* Begin PBXFrameworksBuildPhase section */
		400E2064225454E9009D08DB /* Frameworks */ = {
			isa = PBXFrameworksBuildPhase;
			buildActionMask = 2147483647;
			files = (
			);
			runOnlyForDeploymentPostprocessing = 0;
		};
		400E207F225454EB009D08DB /* Frameworks */ = {
			isa = PBXFrameworksBuildPhase;
			buildActionMask = 2147483647;
			files = (
			);
			runOnlyForDeploymentPostprocessing = 0;
		};
		400E208A225454EB009D08DB /* Frameworks */ = {
			isa = PBXFrameworksBuildPhase;
			buildActionMask = 2147483647;
			files = (
			);
			runOnlyForDeploymentPostprocessing = 0;
		};
/* End PBXFrameworksBuildPhase section */

/* Begin PBXGroup section */
		400E205E225454E9009D08DB = {
			isa = PBXGroup;
			children = (
				400E2069225454E9009D08DB /* test */,
				400E2085225454EB009D08DB /* testTests */,
				400E2090225454EB009D08DB /* testUITests */,
				400E2068225454E9009D08DB /* Products */,
			);
			sourceTree = "<group>";
		};
		400E2068225454E9009D08DB /* Products */ = {
			isa = PBXGroup;
			children = (
				400E2067225454E9009D08DB /* test.app */,
				400E2082225454EB009D08DB /* testTests.xctest */,
				400E208D225454EB009D08DB /* testUITests.xctest */,
			);
			name = Products;
			sourceTree = "<group>";
		};
		400E2069225454E9009D08DB /* test */ = {
			isa = PBXGroup;
			children = (
				400E206A225454E9009D08DB /* AppDelegate.h */,
				400E206B225454E9009D08DB /* AppDelegate.m */,
				400E206D225454E9009D08DB /* ViewController.h */,
				400E206E225454E9009D08DB /* ViewController.m */,
				400E2070225454E9009D08DB /* Main.storyboard */,
				400E2076225454EA009D08DB /* Assets.xcassets */,
				400E2078225454EA009D08DB /* LaunchScreen.storyboard */,
				400E207B225454EA009D08DB /* Info.plist */,
				400E207C225454EA009D08DB /* main.m */,
				400E2073225454E9009D08DB /* test.xcdatamodeld */,
			);
			path = test;
			sourceTree = "<group>";
		};
		400E2085225454EB009D08DB /* testTests */ = {
			isa = PBXGroup;
			children = (
				400E2086225454EB009D08DB /* testTests.m */,
				400E2088225454EB009D08DB /* Info.plist */,
			);
			path = testTests;
			sourceTree = "<group>";
		};
		400E2090225454EB009D08DB /* testUITests */ = {
			isa = PBXGroup;
			children = (
				400E2091225454EB009D08DB /* testUITests.m */,
				400E2093225454EB009D08DB /* Info.plist */,
			);
			path = testUITests;
			sourceTree = "<group>";
		};
/* End PBXGroup section */

/* Begin PBXNativeTarget section */
		400E2066225454E9009D08DB /* test */ = {
			isa = PBXNativeTarget;
			buildConfigurationList = 400E2096225454EB009D08DB /* Build configuration list for PBXNativeTarget "test" */;
			buildPhases = (
				400E2063225454E9009D08DB /* Sources */,
				400E2064225454E9009D08DB /* Frameworks */,
				400E2065225454E9009D08DB /* Resources */,
			);
			buildRules = (
			);
			dependencies = (
			);
			name = test;
			productName = test;
			productReference = 400E2067225454E9009D08DB /* test.app */;
			productType = "com.apple.product-type.application";
		};
		400E2081225454EB009D08DB /* testTests */ = {
			isa = PBXNativeTarget;
			buildConfigurationList = 400E2099225454EB009D08DB /* Build configuration list for PBXNativeTarget "testTests" */;
			buildPhases = (
				400E207E225454EB009D08DB /* Sources */,
				400E207F225454EB009D08DB /* Frameworks */,
				400E2080225454EB009D08DB /* Resources */,
			);
			buildRules = (
			);
			dependencies = (
				400E2084225454EB009D08DB /* PBXTargetDependency */,
			);
			name = testTests;
			productName = testTests;
			productReference = 400E2082225454EB009D08DB /* testTests.xctest */;
			productType = "com.apple.product-type.bundle.unit-test";
		};
		400E208C225454EB009D08DB /* testUITests */ = {
			isa = PBXNativeTarget;
			buildConfigurationList = 400E209C225454EB009D08DB /* Build configuration list for PBXNativeTarget "testUITests" */;
			buildPhases = (
				400E2089225454EB009D08DB /* Sources */,
				400E208A225454EB009D08DB /* Frameworks */,
				400E208B225454EB009D08DB /* Resources */,
			);
			buildRules = (
			);
			dependencies = (
				400E208F225454EB009D08DB /* PBXTargetDependency */,
			);
			name = testUITests;
			productName = testUITests;
			productReference = 400E208D225454EB009D08DB /* testUITests.xctest */;
			productType = "com.apple.product-type.bundle.ui-testing";
		};
/* End PBXNativeTarget section */

/* Begin PBXProject section */
		400E205F225454E9009D08DB /* Project object */ = {
			isa = PBXProject;
			attributes = {
				LastUpgradeCheck = 1010;
				ORGANIZATIONNAME = zhangjinzhong;
				TargetAttributes = {
					400E2066225454E9009D08DB = {
						CreatedOnToolsVersion = 10.1;
					};
					400E2081225454EB009D08DB = {
						CreatedOnToolsVersion = 10.1;
						TestTargetID = 400E2066225454E9009D08DB;
					};
					400E208C225454EB009D08DB = {
						CreatedOnToolsVersion = 10.1;
						TestTargetID = 400E2066225454E9009D08DB;
					};
				};
			};
			buildConfigurationList = 400E2062225454E9009D08DB /* Build configuration list for PBXProject "test" */;
			compatibilityVersion = "Xcode 9.3";
			developmentRegion = en;
			hasScannedForEncodings = 0;
			knownRegions = (
				en,
				Base,
			);
			mainGroup = 400E205E225454E9009D08DB;
			productRefGroup = 400E2068225454E9009D08DB /* Products */;
			projectDirPath = "";
			projectRoot = "";
			targets = (
				400E2066225454E9009D08DB /* test */,
				400E2081225454EB009D08DB /* testTests */,
				400E208C225454EB009D08DB /* testUITests */,
			);
		};
/* End PBXProject section */

/* Begin PBXResourcesBuildPhase section */
		400E2065225454E9009D08DB /* Resources */ = {
			isa = PBXResourcesBuildPhase;
			buildActionMask = 2147483647;
			files = (
				400E207A225454EA009D08DB /* LaunchScreen.storyboard in Resources */,
				400E2077225454EA009D08DB /* Assets.xcassets in Resources */,
				400E2072225454E9009D08DB /* Main.storyboard in Resources */,
			);
			runOnlyForDeploymentPostprocessing = 0;
		};
		400E2080225454EB009D08DB /* Resources */ = {
			isa = PBXResourcesBuildPhase;
			buildActionMask = 2147483647;
			files = (
			);
			runOnlyForDeploymentPostprocessing = 0;
		};
		400E208B225454EB009D08DB /* Resources */ = {
			isa = PBXResourcesBuildPhase;
			buildActionMask = 2147483647;
			files = (
			);
			runOnlyForDeploymentPostprocessing = 0;
		};
/* End PBXResourcesBuildPhase section */

/* Begin PBXSourcesBuildPhase section */
		400E2063225454E9009D08DB /* Sources */ = {
			isa = PBXSourcesBuildPhase;
			buildActionMask = 2147483647;
			files = (
				400E206F225454E9009D08DB /* ViewController.m in Sources */,
				400E206C225454E9009D08DB /* AppDelegate.m in Sources */,
				400E207D225454EA009D08DB /* main.m in Sources */,
				400E2075225454E9009D08DB /* test.xcdatamodeld in Sources */,
			);
			runOnlyForDeploymentPostprocessing = 0;
		};
		400E207E225454EB009D08DB /* Sources */ = {
			isa = PBXSourcesBuildPhase;
			buildActionMask = 2147483647;
			files = (
				400E2087225454EB009D08DB /* testTests.m in Sources */,
			);
			runOnlyForDeploymentPostprocessing = 0;
		};
		400E2089225454EB009D08DB /* Sources */ = {
			isa = PBXSourcesBuildPhase;
			buildActionMask = 2147483647;
			files = (
				400E2092225454EB009D08DB /* testUITests.m in Sources */,
			);
			runOnlyForDeploymentPostprocessing = 0;
		};
/* End PBXSourcesBuildPhase section */

/* Begin PBXTargetDependency section */
		400E2084225454EB009D08DB /* PBXTargetDependency */ = {
			isa = PBXTargetDependency;
			target = 400E2066225454E9009D08DB /* test */;
			targetProxy = 400E2083225454EB009D08DB /* PBXContainerItemProxy */;
		};
		400E208F225454EB009D08DB /* PBXTargetDependency */ = {
			isa = PBXTargetDependency;
			target = 400E2066225454E9009D08DB /* test */;
			targetProxy = 400E208E225454EB009D08DB /* PBXContainerItemProxy */;
		};
/* End PBXTargetDependency section */

/* Begin PBXVariantGroup section */
		400E2070225454E9009D08DB /* Main.storyboard */ = {
			isa = PBXVariantGroup;
			children = (
				400E2071225454E9009D08DB /* Base */,
			);
			name = Main.storyboard;
			sourceTree = "<group>";
		};
		400E2078225454EA009D08DB /* LaunchScreen.storyboard */ = {
			isa = PBXVariantGroup;
			children = (
				400E2079225454EA009D08DB /* Base */,
			);
			name = LaunchScreen.storyboard;
			sourceTree = "<group>";
		};
/* End PBXVariantGroup section */

/* Begin XCBuildConfiguration section */
		400E2094225454EB009D08DB /* Debug */ = {
			isa = XCBuildConfiguration;
			buildSettings = {
				ALWAYS_SEARCH_USER_PATHS = NO;
				CLANG_ANALYZER_NONNULL = YES;
				CLANG_ANALYZER_NUMBER_OBJECT_CONVERSION = YES_AGGRESSIVE;
				CLANG_CXX_LANGUAGE_STANDARD = "gnu++14";
				CLANG_CXX_LIBRARY = "libc++";
				CLANG_ENABLE_MODULES = YES;
				CLANG_ENABLE_OBJC_ARC = YES;
				CLANG_ENABLE_OBJC_WEAK = YES;
				CLANG_WARN_BLOCK_CAPTURE_AUTORELEASING = YES;
				CLANG_WARN_BOOL_CONVERSION = YES;
				CLANG_WARN_COMMA = YES;
				CLANG_WARN_CONSTANT_CONVERSION = YES;
				CLANG_WARN_DEPRECATED_OBJC_IMPLEMENTATIONS = YES;
				CLANG_WARN_DIRECT_OBJC_ISA_USAGE = YES_ERROR;
				CLANG_WARN_DOCUMENTATION_COMMENTS = YES;
				CLANG_WARN_EMPTY_BODY = YES;
				CLANG_WARN_ENUM_CONVERSION = YES;
				CLANG_WARN_INFINITE_RECURSION = YES;
				CLANG_WARN_INT_CONVERSION = YES;
				CLANG_WARN_NON_LITERAL_NULL_CONVERSION = YES;
				CLANG_WARN_OBJC_IMPLICIT_RETAIN_SELF = YES;
				CLANG_WARN_OBJC_LITERAL_CONVERSION = YES;
				CLANG_WARN_OBJC_ROOT_CLASS = YES_ERROR;
				CLANG_WARN_RANGE_LOOP_ANALYSIS = YES;
				CLANG_WARN_STRICT_PROTOTYPES = YES;
				CLANG_WARN_SUSPICIOUS_MOVE = YES;
				CLANG_WARN_UNGUARDED_AVAILABILITY = YES_AGGRESSIVE;
				CLANG_WARN_UNREACHABLE_CODE = YES;
				CLANG_WARN__DUPLICATE_METHOD_MATCH = YES;
				CODE_SIGN_IDENTITY = "iPhone Developer";
				COPY_PHASE_STRIP = NO;
				DEBUG_INFORMATION_FORMAT = dwarf;
				ENABLE_STRICT_OBJC_MSGSEND = YES;
				ENABLE_TESTABILITY = YES;
				GCC_C_LANGUAGE_STANDARD = gnu11;
				GCC_DYNAMIC_NO_PIC = NO;
				GCC_NO_COMMON_BLOCKS = YES;
				GCC_OPTIMIZATION_LEVEL = 0;
				GCC_PREPROCESSOR_DEFINITIONS = (
					"DEBUG=1",
					"$(inherited)",
				);
				GCC_WARN_64_TO_32_BIT_CONVERSION = YES;
				GCC_WARN_ABOUT_RETURN_TYPE = YES_ERROR;
				GCC_WARN_UNDECLARED_SELECTOR = YES;
				GCC_WARN_UNINITIALIZED_AUTOS = YES_AGGRESSIVE;
				GCC_WARN_UNUSED_FUNCTION = YES;
				GCC_WARN_UNUSED_VARIABLE = YES;
				IPHONEOS_DEPLOYMENT_TARGET = 12.1;
				MTL_ENABLE_DEBUG_INFO = INCLUDE_SOURCE;
				MTL_FAST_MATH = YES;
				ONLY_ACTIVE_ARCH = YES;
				SDKROOT = iphoneos;
			};
			name = Debug;
		};
		400E2095225454EB009D08DB /* Release */ = {
			isa = XCBuildConfiguration;
			buildSettings = {
				ALWAYS_SEARCH_USER_PATHS = NO;
				CLANG_ANALYZER_NONNULL = YES;
				CLANG_ANALYZER_NUMBER_OBJECT_CONVERSION = YES_AGGRESSIVE;
				CLANG_CXX_LANGUAGE_STANDARD = "gnu++14";
				CLANG_CXX_LIBRARY = "libc++";
				CLANG_ENABLE_MODULES = YES;
				CLANG_ENABLE_OBJC_ARC = YES;
				CLANG_ENABLE_OBJC_WEAK = YES;
				CLANG_WARN_BLOCK_CAPTURE_AUTORELEASING = YES;
				CLANG_WARN_BOOL_CONVERSION = YES;
				CLANG_WARN_COMMA = YES;
				CLANG_WARN_CONSTANT_CONVERSION = YES;
				CLANG_WARN_DEPRECATED_OBJC_IMPLEMENTATIONS = YES;
				CLANG_WARN_DIRECT_OBJC_ISA_USAGE = YES_ERROR;
				CLANG_WARN_DOCUMENTATION_COMMENTS = YES;
				CLANG_WARN_EMPTY_BODY = YES;
				CLANG_WARN_ENUM_CONVERSION = YES;
				CLANG_WARN_INFINITE_RECURSION = YES;
				CLANG_WARN_INT_CONVERSION = YES;
				CLANG_WARN_NON_LITERAL_NULL_CONVERSION = YES;
				CLANG_WARN_OBJC_IMPLICIT_RETAIN_SELF = YES;
				CLANG_WARN_OBJC_LITERAL_CONVERSION = YES;
				CLANG_WARN_OBJC_ROOT_CLASS = YES_ERROR;
				CLANG_WARN_RANGE_LOOP_ANALYSIS = YES;
				CLANG_WARN_STRICT_PROTOTYPES = YES;
				CLANG_WARN_SUSPICIOUS_MOVE = YES;
				CLANG_WARN_UNGUARDED_AVAILABILITY = YES_AGGRESSIVE;
				CLANG_WARN_UNREACHABLE_CODE = YES;
				CLANG_WARN__DUPLICATE_METHOD_MATCH = YES;
				CODE_SIGN_IDENTITY = "iPhone Developer";
				COPY_PHASE_STRIP = NO;
				DEBUG_INFORMATION_FORMAT = "dwarf-with-dsym";
				ENABLE_NS_ASSERTIONS = NO;
				ENABLE_STRICT_OBJC_MSGSEND = YES;
				GCC_C_LANGUAGE_STANDARD = gnu11;
				GCC_NO_COMMON_BLOCKS = YES;
				GCC_WARN_64_TO_32_BIT_CONVERSION = YES;
				GCC_WARN_ABOUT_RETURN_TYPE = YES_ERROR;
				GCC_WARN_UNDECLARED_SELECTOR = YES;
				GCC_WARN_UNINITIALIZED_AUTOS = YES_AGGRESSIVE;
				GCC_WARN_UNUSED_FUNCTION = YES;
				GCC_WARN_UNUSED_VARIABLE = YES;
				IPHONEOS_DEPLOYMENT_TARGET = 12.1;
				MTL_ENABLE_DEBUG_INFO = NO;
				MTL_FAST_MATH = YES;
				SDKROOT = iphoneos;
				VALIDATE_PRODUCT = YES;
			};
			name = Release;
		};
		400E2097225454EB009D08DB /* Debug */ = {
			isa = XCBuildConfiguration;
			buildSettings = {
				ASSETCATALOG_COMPILER_APPICON_NAME = AppIcon;
				CODE_SIGN_STYLE = Automatic;
				DEVELOPMENT_TEAM = YPNP7B7WNE;
				INFOPLIST_FILE = test/Info.plist;
				LD_RUNPATH_SEARCH_PATHS = (
					"$(inherited)",
					"@executable_path/Frameworks",
				);
				PRODUCT_BUNDLE_IDENTIFIER = iOSjiazaiHtmlss.test;
				PRODUCT_NAME = "$(TARGET_NAME)";
				TARGETED_DEVICE_FAMILY = "1,2";
			};
			name = Debug;
		};
		400E2098225454EB009D08DB /* Release */ = {
			isa = XCBuildConfiguration;
			buildSettings = {
				ASSETCATALOG_COMPILER_APPICON_NAME = AppIcon;
				CODE_SIGN_STYLE = Automatic;
				DEVELOPMENT_TEAM = YPNP7B7WNE;
				INFOPLIST_FILE = test/Info.plist;
				LD_RUNPATH_SEARCH_PATHS = (
					"$(inherited)",
					"@executable_path/Frameworks",
				);
				PRODUCT_BUNDLE_IDENTIFIER = iOSjiazaiHtmlss.test;
				PRODUCT_NAME = "$(TARGET_NAME)";
				TARGETED_DEVICE_FAMILY = "1,2";
			};
			name = Release;
		};
		400E209A225454EB009D08DB /* Debug */ = {
			isa = XCBuildConfiguration;
			buildSettings = {
				BUNDLE_LOADER = "$(TEST_HOST)";
				CODE_SIGN_STYLE = Automatic;
				DEVELOPMENT_TEAM = YPNP7B7WNE;
				INFOPLIST_FILE = testTests/Info.plist;
				LD_RUNPATH_SEARCH_PATHS = (
					"$(inherited)",
					"@executable_path/Frameworks",
					"@loader_path/Frameworks",
				);
				PRODUCT_BUNDLE_IDENTIFIER = iOSjiazaiHtmlss.testTests;
				PRODUCT_NAME = "$(TARGET_NAME)";
				TARGETED_DEVICE_FAMILY = "1,2";
				TEST_HOST = "$(BUILT_PRODUCTS_DIR)/test.app/test";
			};
			name = Debug;
		};
		400E209B225454EB009D08DB /* Release */ = {
			isa = XCBuildConfiguration;
			buildSettings = {
				BUNDLE_LOADER = "$(TEST_HOST)";
				CODE_SIGN_STYLE = Automatic;
				DEVELOPMENT_TEAM = YPNP7B7WNE;
				INFOPLIST_FILE = testTests/Info.plist;
				LD_RUNPATH_SEARCH_PATHS = (
					"$(inherited)",
					"@executable_path/Frameworks",
					"@loader_path/Frameworks",
				);
				PRODUCT_BUNDLE_IDENTIFIER = iOSjiazaiHtmlss.testTests;
				PRODUCT_NAME = "$(TARGET_NAME)";
				TARGETED_DEVICE_FAMILY = "1,2";
				TEST_HOST = "$(BUILT_PRODUCTS_DIR)/test.app/test";
			};
			name = Release;
		};
		400E209D225454EB009D08DB /* Debug */ = {
			isa = XCBuildConfiguration;
			buildSettings = {
				CODE_SIGN_STYLE = Automatic;
				DEVELOPMENT_TEAM = YPNP7B7WNE;
				INFOPLIST_FILE = testUITests/Info.plist;
				LD_RUNPATH_SEARCH_PATHS = (
					"$(inherited)",
					"@executable_path/Frameworks",
					"@loader_path/Frameworks",
				);
				PRODUCT_BUNDLE_IDENTIFIER = iOSjiazaiHtmlss.testUITests;
				PRODUCT_NAME = "$(TARGET_NAME)";
				TARGETED_DEVICE_FAMILY = "1,2";
				TEST_TARGET_NAME = test;
			};
			name = Debug;
		};
		400E209E225454EB009D08DB /* Release */ = {
			isa = XCBuildConfiguration;
			buildSettings = {
				CODE_SIGN_STYLE = Automatic;
				DEVELOPMENT_TEAM = YPNP7B7WNE;
				INFOPLIST_FILE = testUITests/Info.plist;
				LD_RUNPATH_SEARCH_PATHS = (
					"$(inherited)",
					"@executable_path/Frameworks",
					"@loader_path/Frameworks",
				);
				PRODUCT_BUNDLE_IDENTIFIER = iOSjiazaiHtmlss.testUITests;
				PRODUCT_NAME = "$(TARGET_NAME)";
				TARGETED_DEVICE_FAMILY = "1,2";
				TEST_TARGET_NAME = test;
			};
			name = Release;
		};
/* End XCBuildConfiguration section */

/* Begin XCConfigurationList section */
		400E2062225454E9009D08DB /* Build configuration list for PBXProject "test" */ = {
			isa = XCConfigurationList;
			buildConfigurations = (
				400E2094225454EB009D08DB /* Debug */,
				400E2095225454EB009D08DB /* Release */,
			);
			defaultConfigurationIsVisible = 0;
			defaultConfigurationName = Release;
		};
		400E2096225454EB009D08DB /* Build configuration list for PBXNativeTarget "test" */ = {
			isa = XCConfigurationList;
			buildConfigurations = (
				400E2097225454EB009D08DB /* Debug */,
				400E2098225454EB009D08DB /* Release */,
			);
			defaultConfigurationIsVisible = 0;
			defaultConfigurationName = Release;
		};
		400E2099225454EB009D08DB /* Build configuration list for PBXNativeTarget "testTests" */ = {
			isa = XCConfigurationList;
			buildConfigurations = (
				400E209A225454EB009D08DB /* Debug */,
				400E209B225454EB009D08DB /* Release */,
			);
			defaultConfigurationIsVisible = 0;
			defaultConfigurationName = Release;
		};
		400E209C225454EB009D08DB /* Build configuration list for PBXNativeTarget "testUITests" */ = {
			isa = XCConfigurationList;
			buildConfigurations = (
				400E209D225454EB009D08DB /* Debug */,
				400E209E225454EB009D08DB /* Release */,
			);
			defaultConfigurationIsVisible = 0;
			defaultConfigurationName = Release;
		};
/* End XCConfigurationList section */

/* Begin XCVersionGroup section */
		400E2073225454E9009D08DB /* test.xcdatamodeld */ = {
			isa = XCVersionGroup;
			children = (
				400E2074225454E9009D08DB /* test.xcdatamodel */,
			);
			currentVersion = 400E2074225454E9009D08DB /* test.xcdatamodel */;
			path = test.xcdatamodeld;
			sourceTree = "<group>";
			versionGroupType = wrapper.xcdatamodel;
		};
/* End XCVersionGroup section */
	};
	rootObject = 400E205F225454E9009D08DB /* Project object */;
}
